// !$*UTF8*$!
{
	archiveVersion = 1;
	classes = {
	};
	objectVersion = 56;
	objects = {

/* Begin PBXBuildFile section */
		EBC2C8732A80E3F5008B0DB1 /* AppDelegate.swift in Sources */ = {isa = PBXBuildFile; fileRef = EBC2C8722A80E3F5008B0DB1 /* AppDelegate.swift */; };
		EBC2C8752A80E3F5008B0DB1 /* SceneDelegate.swift in Sources */ = {isa = PBXBuildFile; fileRef = EBC2C8742A80E3F5008B0DB1 /* SceneDelegate.swift */; };
		EBC2C8772A80E3F5008B0DB1 /* ViewController.swift in Sources */ = {isa = PBXBuildFile; fileRef = EBC2C8762A80E3F5008B0DB1 /* ViewController.swift */; };
		EBC2C87A2A80E3F5008B0DB1 /* Main.storyboard in Resources */ = {isa = PBXBuildFile; fileRef = EBC2C8782A80E3F5008B0DB1 /* Main.storyboard */; };
		EBC2C87C2A80E3FA008B0DB1 /* Assets.xcassets in Resources */ = {isa = PBXBuildFile; fileRef = EBC2C87B2A80E3FA008B0DB1 /* Assets.xcassets */; };
		EBC2C87F2A80E3FA008B0DB1 /* LaunchScreen.storyboard in Resources */ = {isa = PBXBuildFile; fileRef = EBC2C87D2A80E3FA008B0DB1 /* LaunchScreen.storyboard */; };
		EBC2C88A2A80E3FB008B0DB1 /* NextVCAppTests.swift in Sources */ = {isa = PBXBuildFile; fileRef = EBC2C8892A80E3FB008B0DB1 /* NextVCAppTests.swift */; };
		EBC2C8942A80E3FB008B0DB1 /* NextVCAppUITests.swift in Sources */ = {isa = PBXBuildFile; fileRef = EBC2C8932A80E3FB008B0DB1 /* NextVCAppUITests.swift */; };
		EBC2C8962A80E3FB008B0DB1 /* NextVCAppUITestsLaunchTests.swift in Sources */ = {isa = PBXBuildFile; fileRef = EBC2C8952A80E3FB008B0DB1 /* NextVCAppUITestsLaunchTests.swift */; };
/* End PBXBuildFile section */

/* Begin PBXContainerItemProxy section */
		EBC2C8862A80E3FB008B0DB1 /* PBXContainerItemProxy */ = {
			isa = PBXContainerItemProxy;
			containerPortal = EBC2C8672A80E3F5008B0DB1 /* Project object */;
			proxyType = 1;
			remoteGlobalIDString = EBC2C86E2A80E3F5008B0DB1;
			remoteInfo = NextVCApp;
		};
		EBC2C8902A80E3FB008B0DB1 /* PBXContainerItemProxy */ = {
			isa = PBXContainerItemProxy;
			containerPortal = EBC2C8672A80E3F5008B0DB1 /* Project object */;
			proxyType = 1;
			remoteGlobalIDString = EBC2C86E2A80E3F5008B0DB1;
			remoteInfo = NextVCApp;
		};
/* End PBXContainerItemProxy section */

/* Begin PBXFileReference section */
		EBC2C86F2A80E3F5008B0DB1 /* NextVCApp.app */ = {isa = PBXFileReference; explicitFileType = wrapper.application; includeInIndex = 0; path = NextVCApp.app; sourceTree = BUILT_PRODUCTS_DIR; };
		EBC2C8722A80E3F5008B0DB1 /* AppDelegate.swift */ = {isa = PBXFileReference; lastKnownFileType = sourcecode.swift; path = AppDelegate.swift; sourceTree = "<group>"; };
		EBC2C8742A80E3F5008B0DB1 /* SceneDelegate.swift */ = {isa = PBXFileReference; lastKnownFileType = sourcecode.swift; path = SceneDelegate.swift; sourceTree = "<group>"; };
		EBC2C8762A80E3F5008B0DB1 /* ViewController.swift */ = {isa = PBXFileReference; lastKnownFileType = sourcecode.swift; path = ViewController.swift; sourceTree = "<group>"; };
		EBC2C8792A80E3F5008B0DB1 /* Base */ = {isa = PBXFileReference; lastKnownFileType = file.storyboard; name = Base; path = Base.lproj/Main.storyboard; sourceTree = "<group>"; };
		EBC2C87B2A80E3FA008B0DB1 /* Assets.xcassets */ = {isa = PBXFileReference; lastKnownFileType = folder.assetcatalog; path = Assets.xcassets; sourceTree = "<group>"; };
		EBC2C87E2A80E3FA008B0DB1 /* Base */ = {isa = PBXFileReference; lastKnownFileType = file.storyboard; name = Base; path = Base.lproj/LaunchScreen.storyboard; sourceTree = "<group>"; };
		EBC2C8802A80E3FA008B0DB1 /* Info.plist */ = {isa = PBXFileReference; lastKnownFileType = text.plist.xml; path = Info.plist; sourceTree = "<group>"; };
		EBC2C8852A80E3FB008B0DB1 /* NextVCAppTests.xctest */ = {isa = PBXFileReference; explicitFileType = wrapper.cfbundle; includeInIndex = 0; path = NextVCAppTests.xctest; sourceTree = BUILT_PRODUCTS_DIR; };
		EBC2C8892A80E3FB008B0DB1 /* NextVCAppTests.swift */ = {isa = PBXFileReference; lastKnownFileType = sourcecode.swift; path = NextVCAppTests.swift; sourceTree = "<group>"; };
		EBC2C88F2A80E3FB008B0DB1 /* NextVCAppUITests.xctest */ = {isa = PBXFileReference; explicitFileType = wrapper.cfbundle; includeInIndex = 0; path = NextVCAppUITests.xctest; sourceTree = BUILT_PRODUCTS_DIR; };
		EBC2C8932A80E3FB008B0DB1 /* NextVCAppUITests.swift */ = {isa = PBXFileReference; lastKnownFileType = sourcecode.swift; path = NextVCAppUITests.swift; sourceTree = "<group>"; };
		EBC2C8952A80E3FB008B0DB1 /* NextVCAppUITestsLaunchTests.swift */ = {isa = PBXFileReference; lastKnownFileType = sourcecode.swift; path = NextVCAppUITestsLaunchTests.swift; sourceTree = "<group>"; };
/* End PBXFileReference section */

/* Begin PBXFrameworksBuildPhase section */
		EBC2C86C2A80E3F5008B0DB1 /* Frameworks */ = {
			isa = PBXFrameworksBuildPhase;
			buildActionMask = 2147483647;
			files = (
			);
			runOnlyForDeploymentPostprocessing = 0;
		};
		EBC2C8822A80E3FB008B0DB1 /* Frameworks */ = {
			isa = PBXFrameworksBuildPhase;
			buildActionMask = 2147483647;
			files = (
			);
			runOnlyForDeploymentPostprocessing = 0;
		};
		EBC2C88C2A80E3FB008B0DB1 /* Frameworks */ = {
			isa = PBXFrameworksBuildPhase;
			buildActionMask = 2147483647;
			files = (
			);
			runOnlyForDeploymentPostprocessing = 0;
		};
/* End PBXFrameworksBuildPhase section */

/* Begin PBXGroup section */
		EBC2C8662A80E3F5008B0DB1 = {
			isa = PBXGroup;
			children = (
				EBC2C8712A80E3F5008B0DB1 /* NextVCApp */,
				EBC2C8882A80E3FB008B0DB1 /* NextVCAppTests */,
				EBC2C8922A80E3FB008B0DB1 /* NextVCAppUITests */,
				EBC2C8702A80E3F5008B0DB1 /* Products */,
			);
			sourceTree = "<group>";
		};
		EBC2C8702A80E3F5008B0DB1 /* Products */ = {
			isa = PBXGroup;
			children = (
				EBC2C86F2A80E3F5008B0DB1 /* NextVCApp.app */,
				EBC2C8852A80E3FB008B0DB1 /* NextVCAppTests.xctest */,
				EBC2C88F2A80E3FB008B0DB1 /* NextVCAppUITests.xctest */,
			);
			name = Products;
			sourceTree = "<group>";
		};
		EBC2C8712A80E3F5008B0DB1 /* NextVCApp */ = {
			isa = PBXGroup;
			children = (
				EBC2C8722A80E3F5008B0DB1 /* AppDelegate.swift */,
				EBC2C8742A80E3F5008B0DB1 /* SceneDelegate.swift */,
				EBC2C8762A80E3F5008B0DB1 /* ViewController.swift */,
				EBC2C8782A80E3F5008B0DB1 /* Main.storyboard */,
				EBC2C87B2A80E3FA008B0DB1 /* Assets.xcassets */,
				EBC2C87D2A80E3FA008B0DB1 /* LaunchScreen.storyboard */,
				EBC2C8802A80E3FA008B0DB1 /* Info.plist */,
			);
			path = NextVCApp;
			sourceTree = "<group>";
		};
		EBC2C8882A80E3FB008B0DB1 /* NextVCAppTests */ = {
			isa = PBXGroup;
			children = (
				EBC2C8892A80E3FB008B0DB1 /* NextVCAppTests.swift */,
			);
			path = NextVCAppTests;
			sourceTree = "<group>";
		};
		EBC2C8922A80E3FB008B0DB1 /* NextVCAppUITests */ = {
			isa = PBXGroup;
			children = (
				EBC2C8932A80E3FB008B0DB1 /* NextVCAppUITests.swift */,
				EBC2C8952A80E3FB008B0DB1 /* NextVCAppUITestsLaunchTests.swift */,
			);
			path = NextVCAppUITests;
			sourceTree = "<group>";
		};
/* End PBXGroup section */

/* Begin PBXNativeTarget section */
		EBC2C86E2A80E3F5008B0DB1 /* NextVCApp */ = {
			isa = PBXNativeTarget;
			buildConfigurationList = EBC2C8992A80E3FB008B0DB1 /* Build configuration list for PBXNativeTarget "NextVCApp" */;
			buildPhases = (
				EBC2C86B2A80E3F5008B0DB1 /* Sources */,
				EBC2C86C2A80E3F5008B0DB1 /* Frameworks */,
				EBC2C86D2A80E3F5008B0DB1 /* Resources */,
			);
			buildRules = (
			);
			dependencies = (
			);
			name = NextVCApp;
			productName = NextVCApp;
			productReference = EBC2C86F2A80E3F5008B0DB1 /* NextVCApp.app */;
			productType = "com.apple.product-type.application";
		};
		EBC2C8842A80E3FB008B0DB1 /* NextVCAppTests */ = {
			isa = PBXNativeTarget;
			buildConfigurationList = EBC2C89C2A80E3FB008B0DB1 /* Build configuration list for PBXNativeTarget "NextVCAppTests" */;
			buildPhases = (
				EBC2C8812A80E3FB008B0DB1 /* Sources */,
				EBC2C8822A80E3FB008B0DB1 /* Frameworks */,
				EBC2C8832A80E3FB008B0DB1 /* Resources */,
			);
			buildRules = (
			);
			dependencies = (
				EBC2C8872A80E3FB008B0DB1 /* PBXTargetDependency */,
			);
			name = NextVCAppTests;
			productName = NextVCAppTests;
			productReference = EBC2C8852A80E3FB008B0DB1 /* NextVCAppTests.xctest */;
			productType = "com.apple.product-type.bundle.unit-test";
		};
		EBC2C88E2A80E3FB008B0DB1 /* NextVCAppUITests */ = {
			isa = PBXNativeTarget;
			buildConfigurationList = EBC2C89F2A80E3FB008B0DB1 /* Build configuration list for PBXNativeTarget "NextVCAppUITests" */;
			buildPhases = (
				EBC2C88B2A80E3FB008B0DB1 /* Sources */,
				EBC2C88C2A80E3FB008B0DB1 /* Frameworks */,
				EBC2C88D2A80E3FB008B0DB1 /* Resources */,
			);
			buildRules = (
			);
			dependencies = (
				EBC2C8912A80E3FB008B0DB1 /* PBXTargetDependency */,
			);
			name = NextVCAppUITests;
			productName = NextVCAppUITests;
			productReference = EBC2C88F2A80E3FB008B0DB1 /* NextVCAppUITests.xctest */;
			productType = "com.apple.product-type.bundle.ui-testing";
		};
/* End PBXNativeTarget section */

/* Begin PBXProject section */
		EBC2C8672A80E3F5008B0DB1 /* Project object */ = {
			isa = PBXProject;
			attributes = {
				BuildIndependentTargetsInParallel = 1;
				LastSwiftUpdateCheck = 1430;
				LastUpgradeCheck = 1430;
				TargetAttributes = {
					EBC2C86E2A80E3F5008B0DB1 = {
						CreatedOnToolsVersion = 14.3.1;
					};
					EBC2C8842A80E3FB008B0DB1 = {
						CreatedOnToolsVersion = 14.3.1;
						TestTargetID = EBC2C86E2A80E3F5008B0DB1;
					};
					EBC2C88E2A80E3FB008B0DB1 = {
						CreatedOnToolsVersion = 14.3.1;
						TestTargetID = EBC2C86E2A80E3F5008B0DB1;
					};
				};
			};
			buildConfigurationList = EBC2C86A2A80E3F5008B0DB1 /* Build configuration list for PBXProject "NextVCApp" */;
			compatibilityVersion = "Xcode 14.0";
			developmentRegion = en;
			hasScannedForEncodings = 0;
			knownRegions = (
				en,
				Base,
			);
			mainGroup = EBC2C8662A80E3F5008B0DB1;
			productRefGroup = EBC2C8702A80E3F5008B0DB1 /* Products */;
			projectDirPath = "";
			projectRoot = "";
			targets = (
				EBC2C86E2A80E3F5008B0DB1 /* NextVCApp */,
				EBC2C8842A80E3FB008B0DB1 /* NextVCAppTests */,
				EBC2C88E2A80E3FB008B0DB1 /* NextVCAppUITests */,
			);
		};
/* End PBXProject section */

/* Begin PBXResourcesBuildPhase section */
		EBC2C86D2A80E3F5008B0DB1 /* Resources */ = {
			isa = PBXResourcesBuildPhase;
			buildActionMask = 2147483647;
			files = (
				EBC2C87F2A80E3FA008B0DB1 /* LaunchScreen.storyboard in Resources */,
				EBC2C87C2A80E3FA008B0DB1 /* Assets.xcassets in Resources */,
				EBC2C87A2A80E3F5008B0DB1 /* Main.storyboard in Resources */,
			);
			runOnlyForDeploymentPostprocessing = 0;
		};
		EBC2C8832A80E3FB008B0DB1 /* Resources */ = {
			isa = PBXResourcesBuildPhase;
			buildActionMask = 2147483647;
			files = (
			);
			runOnlyForDeploymentPostprocessing = 0;
		};
		EBC2C88D2A80E3FB008B0DB1 /* Resources */ = {
			isa = PBXResourcesBuildPhase;
			buildActionMask = 2147483647;
			files = (
			);
			runOnlyForDeploymentPostprocessing = 0;
		};
/* End PBXResourcesBuildPhase section */

/* Begin PBXSourcesBuildPhase section */
		EBC2C86B2A80E3F5008B0DB1 /* Sources */ = {
			isa = PBXSourcesBuildPhase;
			buildActionMask = 2147483647;
			files = (
				EBC2C8772A80E3F5008B0DB1 /* ViewController.swift in Sources */,
				EBC2C8732A80E3F5008B0DB1 /* AppDelegate.swift in Sources */,
				EBC2C8752A80E3F5008B0DB1 /* SceneDelegate.swift in Sources */,
			);
			runOnlyForDeploymentPostprocessing = 0;
		};
		EBC2C8812A80E3FB008B0DB1 /* Sources */ = {
			isa = PBXSourcesBuildPhase;
			buildActionMask = 2147483647;
			files = (
				EBC2C88A2A80E3FB008B0DB1 /* NextVCAppTests.swift in Sources */,
			);
			runOnlyForDeploymentPostprocessing = 0;
		};
		EBC2C88B2A80E3FB008B0DB1 /* Sources */ = {
			isa = PBXSourcesBuildPhase;
			buildActionMask = 2147483647;
			files = (
				EBC2C8962A80E3FB008B0DB1 /* NextVCAppUITestsLaunchTests.swift in Sources */,
				EBC2C8942A80E3FB008B0DB1 /* NextVCAppUITests.swift in Sources */,
			);
			runOnlyForDeploymentPostprocessing = 0;
		};
/* End PBXSourcesBuildPhase section */

/* Begin PBXTargetDependency section */
		EBC2C8872A80E3FB008B0DB1 /* PBXTargetDependency */ = {
			isa = PBXTargetDependency;
			target = EBC2C86E2A80E3F5008B0DB1 /* NextVCApp */;
			targetProxy = EBC2C8862A80E3FB008B0DB1 /* PBXContainerItemProxy */;
		};
		EBC2C8912A80E3FB008B0DB1 /* PBXTargetDependency */ = {
			isa = PBXTargetDependency;
			target = EBC2C86E2A80E3F5008B0DB1 /* NextVCApp */;
			targetProxy = EBC2C8902A80E3FB008B0DB1 /* PBXContainerItemProxy */;
		};
/* End PBXTargetDependency section */

/* Begin PBXVariantGroup section */
		EBC2C8782A80E3F5008B0DB1 /* Main.storyboard */ = {
			isa = PBXVariantGroup;
			children = (
				EBC2C8792A80E3F5008B0DB1 /* Base */,
			);
			name = Main.storyboard;
			sourceTree = "<group>";
		};
		EBC2C87D2A80E3FA008B0DB1 /* LaunchScreen.storyboard */ = {
			isa = PBXVariantGroup;
			children = (
				EBC2C87E2A80E3FA008B0DB1 /* Base */,
			);
			name = LaunchScreen.storyboard;
			sourceTree = "<group>";
		};
/* End PBXVariantGroup section */

/* Begin XCBuildConfiguration section */
		EBC2C8972A80E3FB008B0DB1 /* Debug */ = {
			isa = XCBuildConfiguration;
			buildSettings = {
				ALWAYS_SEARCH_USER_PATHS = NO;
				CLANG_ANALYZER_NONNULL = YES;
				CLANG_ANALYZER_NUMBER_OBJECT_CONVERSION = YES_AGGRESSIVE;
				CLANG_CXX_LANGUAGE_STANDARD = "gnu++20";
				CLANG_ENABLE_MODULES = YES;
				CLANG_ENABLE_OBJC_ARC = YES;
				CLANG_ENABLE_OBJC_WEAK = YES;
				CLANG_WARN_BLOCK_CAPTURE_AUTORELEASING = YES;
				CLANG_WARN_BOOL_CONVERSION = YES;
				CLANG_WARN_COMMA = YES;
				CLANG_WARN_CONSTANT_CONVERSION = YES;
				CLANG_WARN_DEPRECATED_OBJC_IMPLEMENTATIONS = YES;
				CLANG_WARN_DIRECT_OBJC_ISA_USAGE = YES_ERROR;
				CLANG_WARN_DOCUMENTATION_COMMENTS = YES;
				CLANG_WARN_EMPTY_BODY = YES;
				CLANG_WARN_ENUM_CONVERSION = YES;
				CLANG_WARN_INFINITE_RECURSION = YES;
				CLANG_WARN_INT_CONVERSION = YES;
				CLANG_WARN_NON_LITERAL_NULL_CONVERSION = YES;
				CLANG_WARN_OBJC_IMPLICIT_RETAIN_SELF = YES;
				CLANG_WARN_OBJC_LITERAL_CONVERSION = YES;
				CLANG_WARN_OBJC_ROOT_CLASS = YES_ERROR;
				CLANG_WARN_QUOTED_INCLUDE_IN_FRAMEWORK_HEADER = YES;
				CLANG_WARN_RANGE_LOOP_ANALYSIS = YES;
				CLANG_WARN_STRICT_PROTOTYPES = YES;
				CLANG_WARN_SUSPICIOUS_MOVE = YES;
				CLANG_WARN_UNGUARDED_AVAILABILITY = YES_AGGRESSIVE;
				CLANG_WARN_UNREACHABLE_CODE = YES;
				CLANG_WARN__DUPLICATE_METHOD_MATCH = YES;
				COPY_PHASE_STRIP = NO;
				DEBUG_INFORMATION_FORMAT = dwarf;
				ENABLE_STRICT_OBJC_MSGSEND = YES;
				ENABLE_TESTABILITY = YES;
				GCC_C_LANGUAGE_STANDARD = gnu11;
				GCC_DYNAMIC_NO_PIC = NO;
				GCC_NO_COMMON_BLOCKS = YES;
				GCC_OPTIMIZATION_LEVEL = 0;
				GCC_PREPROCESSOR_DEFINITIONS = (
					"DEBUG=1",
					"$(inherited)",
				);
				GCC_WARN_64_TO_32_BIT_CONVERSION = YES;
				GCC_WARN_ABOUT_RETURN_TYPE = YES_ERROR;
				GCC_WARN_UNDECLARED_SELECTOR = YES;
				GCC_WARN_UNINITIALIZED_AUTOS = YES_AGGRESSIVE;
				GCC_WARN_UNUSED_FUNCTION = YES;
				GCC_WARN_UNUSED_VARIABLE = YES;
				IPHONEOS_DEPLOYMENT_TARGET = 16.4;
				MTL_ENABLE_DEBUG_INFO = INCLUDE_SOURCE;
				MTL_FAST_MATH = YES;
				ONLY_ACTIVE_ARCH = YES;
				SDKROOT = iphoneos;
				SWIFT_ACTIVE_COMPILATION_CONDITIONS = DEBUG;
				SWIFT_OPTIMIZATION_LEVEL = "-Onone";
			};
			name = Debug;
		};
		EBC2C8982A80E3FB008B0DB1 /* Release */ = {
			isa = XCBuildConfiguration;
			buildSettings = {
				ALWAYS_SEARCH_USER_PATHS = NO;
				CLANG_ANALYZER_NONNULL = YES;
				CLANG_ANALYZER_NUMBER_OBJECT_CONVERSION = YES_AGGRESSIVE;
				CLANG_CXX_LANGUAGE_STANDARD = "gnu++20";
				CLANG_ENABLE_MODULES = YES;
				CLANG_ENABLE_OBJC_ARC = YES;
				CLANG_ENABLE_OBJC_WEAK = YES;
				CLANG_WARN_BLOCK_CAPTURE_AUTORELEASING = YES;
				CLANG_WARN_BOOL_CONVERSION = YES;
				CLANG_WARN_COMMA = YES;
				CLANG_WARN_CONSTANT_CONVERSION = YES;
				CLANG_WARN_DEPRECATED_OBJC_IMPLEMENTATIONS = YES;
				CLANG_WARN_DIRECT_OBJC_ISA_USAGE = YES_ERROR;
				CLANG_WARN_DOCUMENTATION_COMMENTS = YES;
				CLANG_WARN_EMPTY_BODY = YES;
				CLANG_WARN_ENUM_CONVERSION = YES;
				CLANG_WARN_INFINITE_RECURSION = YES;
				CLANG_WARN_INT_CONVERSION = YES;
				CLANG_WARN_NON_LITERAL_NULL_CONVERSION = YES;
				CLANG_WARN_OBJC_IMPLICIT_RETAIN_SELF = YES;
				CLANG_WARN_OBJC_LITERAL_CONVERSION = YES;
				CLANG_WARN_OBJC_ROOT_CLASS = YES_ERROR;
				CLANG_WARN_QUOTED_INCLUDE_IN_FRAMEWORK_HEADER = YES;
				CLANG_WARN_RANGE_LOOP_ANALYSIS = YES;
				CLANG_WARN_STRICT_PROTOTYPES = YES;
				CLANG_WARN_SUSPICIOUS_MOVE = YES;
				CLANG_WARN_UNGUARDED_AVAILABILITY = YES_AGGRESSIVE;
				CLANG_WARN_UNREACHABLE_CODE = YES;
				CLANG_WARN__DUPLICATE_METHOD_MATCH = YES;
				COPY_PHASE_STRIP = NO;
				DEBUG_INFORMATION_FORMAT = "dwarf-with-dsym";
				ENABLE_NS_ASSERTIONS = NO;
				ENABLE_STRICT_OBJC_MSGSEND = YES;
				GCC_C_LANGUAGE_STANDARD = gnu11;
				GCC_NO_COMMON_BLOCKS = YES;
				GCC_WARN_64_TO_32_BIT_CONVERSION = YES;
				GCC_WARN_ABOUT_RETURN_TYPE = YES_ERROR;
				GCC_WARN_UNDECLARED_SELECTOR = YES;
				GCC_WARN_UNINITIALIZED_AUTOS = YES_AGGRESSIVE;
				GCC_WARN_UNUSED_FUNCTION = YES;
				GCC_WARN_UNUSED_VARIABLE = YES;
				IPHONEOS_DEPLOYMENT_TARGET = 16.4;
				MTL_ENABLE_DEBUG_INFO = NO;
				MTL_FAST_MATH = YES;
				SDKROOT = iphoneos;
				SWIFT_COMPILATION_MODE = wholemodule;
				SWIFT_OPTIMIZATION_LEVEL = "-O";
				VALIDATE_PRODUCT = YES;
			};
			name = Release;
		};
		EBC2C89A2A80E3FB008B0DB1 /* Debug */ = {
			isa = XCBuildConfiguration;
			buildSettings = {
				ASSETCATALOG_COMPILER_APPICON_NAME = AppIcon;
				ASSETCATALOG_COMPILER_GLOBAL_ACCENT_COLOR_NAME = AccentColor;
				CODE_SIGN_STYLE = Automatic;
				CURRENT_PROJECT_VERSION = 1;
				DEVELOPMENT_TEAM = QDTB4WL24B;
				GENERATE_INFOPLIST_FILE = YES;
				INFOPLIST_FILE = NextVCApp/Info.plist;
				INFOPLIST_KEY_UIApplicationSupportsIndirectInputEvents = YES;
				INFOPLIST_KEY_UILaunchStoryboardName = LaunchScreen;
				INFOPLIST_KEY_UIMainStoryboardFile = Main;
				INFOPLIST_KEY_UISupportedInterfaceOrientations_iPad = "UIInterfaceOrientationPortrait UIInterfaceOrientationPortraitUpsideDown UIInterfaceOrientationLandscapeLeft UIInterfaceOrientationLandscapeRight";
				INFOPLIST_KEY_UISupportedInterfaceOrientations_iPhone = "UIInterfaceOrientationPortrait UIInterfaceOrientationLandscapeLeft UIInterfaceOrientationLandscapeRight";
				LD_RUNPATH_SEARCH_PATHS = (
					"$(inherited)",
					"@executable_path/Frameworks",
				);
				MARKETING_VERSION = 1.0;
				PRODUCT_BUNDLE_IDENTIFIER = com.infrunEllenStudy.NextVCApp;
				PRODUCT_NAME = "$(TARGET_NAME)";
				SWIFT_EMIT_LOC_STRINGS = YES;
				SWIFT_VERSION = 5.0;
				TARGETED_DEVICE_FAMILY = "1,2";
			};
			name = Debug;
		};
		EBC2C89B2A80E3FB008B0DB1 /* Release */ = {
			isa = XCBuildConfiguration;
			buildSettings = {
				ASSETCATALOG_COMPILER_APPICON_NAME = AppIcon;
				ASSETCATALOG_COMPILER_GLOBAL_ACCENT_COLOR_NAME = AccentColor;
				CODE_SIGN_STYLE = Automatic;
				CURRENT_PROJECT_VERSION = 1;
				DEVELOPMENT_TEAM = QDTB4WL24B;
				GENERATE_INFOPLIST_FILE = YES;
				INFOPLIST_FILE = NextVCApp/Info.plist;
				INFOPLIST_KEY_UIApplicationSupportsIndirectInputEvents = YES;
				INFOPLIST_KEY_UILaunchStoryboardName = LaunchScreen;
				INFOPLIST_KEY_UIMainStoryboardFile = Main;
				INFOPLIST_KEY_UISupportedInterfaceOrientations_iPad = "UIInterfaceOrientationPortrait UIInterfaceOrientationPortraitUpsideDown UIInterfaceOrientationLandscapeLeft UIInterfaceOrientationLandscapeRight";
				INFOPLIST_KEY_UISupportedInterfaceOrientations_iPhone = "UIInterfaceOrientationPortrait UIInterfaceOrientationLandscapeLeft UIInterfaceOrientationLandscapeRight";
				LD_RUNPATH_SEARCH_PATHS = (
					"$(inherited)",
					"@executable_path/Frameworks",
				);
				MARKETING_VERSION = 1.0;
				PRODUCT_BUNDLE_IDENTIFIER = com.infrunEllenStudy.NextVCApp;
				PRODUCT_NAME = "$(TARGET_NAME)";
				SWIFT_EMIT_LOC_STRINGS = YES;
				SWIFT_VERSION = 5.0;
				TARGETED_DEVICE_FAMILY = "1,2";
			};
			name = Release;
		};
		EBC2C89D2A80E3FB008B0DB1 /* Debug */ = {
			isa = XCBuildConfiguration;
			buildSettings = {
				ALWAYS_EMBED_SWIFT_STANDARD_LIBRARIES = YES;
				BUNDLE_LOADER = "$(TEST_HOST)";
				CODE_SIGN_STYLE = Automatic;
				CURRENT_PROJECT_VERSION = 1;
				DEVELOPMENT_TEAM = QDTB4WL24B;
				GENERATE_INFOPLIST_FILE = YES;
				IPHONEOS_DEPLOYMENT_TARGET = 16.4;
				MARKETING_VERSION = 1.0;
				PRODUCT_BUNDLE_IDENTIFIER = com.infrunEllenStudy.NextVCAppTests;
				PRODUCT_NAME = "$(TARGET_NAME)";
				SWIFT_EMIT_LOC_STRINGS = NO;
				SWIFT_VERSION = 5.0;
				TARGETED_DEVICE_FAMILY = "1,2";
				TEST_HOST = "$(BUILT_PRODUCTS_DIR)/NextVCApp.app/$(BUNDLE_EXECUTABLE_FOLDER_PATH)/NextVCApp";
			};
			name = Debug;
		};
		EBC2C89E2A80E3FB008B0DB1 /* Release */ = {
			isa = XCBuildConfiguration;
			buildSettings = {
				ALWAYS_EMBED_SWIFT_STANDARD_LIBRARIES = YES;
				BUNDLE_LOADER = "$(TEST_HOST)";
				CODE_SIGN_STYLE = Automatic;
				CURRENT_PROJECT_VERSION = 1;
				DEVELOPMENT_TEAM = QDTB4WL24B;
				GENERATE_INFOPLIST_FILE = YES;
				IPHONEOS_DEPLOYMENT_TARGET = 16.4;
				MARKETING_VERSION = 1.0;
				PRODUCT_BUNDLE_IDENTIFIER = com.infrunEllenStudy.NextVCAppTests;
				PRODUCT_NAME = "$(TARGET_NAME)";
				SWIFT_EMIT_LOC_STRINGS = NO;
				SWIFT_VERSION = 5.0;
				TARGETED_DEVICE_FAMILY = "1,2";
				TEST_HOST = "$(BUILT_PRODUCTS_DIR)/NextVCApp.app/$(BUNDLE_EXECUTABLE_FOLDER_PATH)/NextVCApp";
			};
			name = Release;
		};
		EBC2C8A02A80E3FB008B0DB1 /* Debug */ = {
			isa = XCBuildConfiguration;
			buildSettings = {
				ALWAYS_EMBED_SWIFT_STANDARD_LIBRARIES = YES;
				CODE_SIGN_STYLE = Automatic;
				CURRENT_PROJECT_VERSION = 1;
				DEVELOPMENT_TEAM = QDTB4WL24B;
				GENERATE_INFOPLIST_FILE = YES;
				MARKETING_VERSION = 1.0;
				PRODUCT_BUNDLE_IDENTIFIER = com.infrunEllenStudy.NextVCAppUITests;
				PRODUCT_NAME = "$(TARGET_NAME)";
				SWIFT_EMIT_LOC_STRINGS = NO;
				SWIFT_VERSION = 5.0;
				TARGETED_DEVICE_FAMILY = "1,2";
				TEST_TARGET_NAME = NextVCApp;
			};
			name = Debug;
		};
		EBC2C8A12A80E3FB008B0DB1 /* Release */ = {
			isa = XCBuildConfiguration;
			buildSettings = {
				ALWAYS_EMBED_SWIFT_STANDARD_LIBRARIES = YES;
				CODE_SIGN_STYLE = Automatic;
				CURRENT_PROJECT_VERSION = 1;
				DEVELOPMENT_TEAM = QDTB4WL24B;
				GENERATE_INFOPLIST_FILE = YES;
				MARKETING_VERSION = 1.0;
				PRODUCT_BUNDLE_IDENTIFIER = com.infrunEllenStudy.NextVCAppUITests;
				PRODUCT_NAME = "$(TARGET_NAME)";
				SWIFT_EMIT_LOC_STRINGS = NO;
				SWIFT_VERSION = 5.0;
				TARGETED_DEVICE_FAMILY = "1,2";
				TEST_TARGET_NAME = NextVCApp;
			};
			name = Release;
		};
/* End XCBuildConfiguration section */

/* Begin XCConfigurationList section */
		EBC2C86A2A80E3F5008B0DB1 /* Build configuration list for PBXProject "NextVCApp" */ = {
			isa = XCConfigurationList;
			buildConfigurations = (
				EBC2C8972A80E3FB008B0DB1 /* Debug */,
				EBC2C8982A80E3FB008B0DB1 /* Release */,
			);
			defaultConfigurationIsVisible = 0;
			defaultConfigurationName = Release;
		};
		EBC2C8992A80E3FB008B0DB1 /* Build configuration list for PBXNativeTarget "NextVCApp" */ = {
			isa = XCConfigurationList;
			buildConfigurations = (
				EBC2C89A2A80E3FB008B0DB1 /* Debug */,
				EBC2C89B2A80E3FB008B0DB1 /* Release */,
			);
			defaultConfigurationIsVisible = 0;
			defaultConfigurationName = Release;
		};
		EBC2C89C2A80E3FB008B0DB1 /* Build configuration list for PBXNativeTarget "NextVCAppTests" */ = {
			isa = XCConfigurationList;
			buildConfigurations = (
				EBC2C89D2A80E3FB008B0DB1 /* Debug */,
				EBC2C89E2A80E3FB008B0DB1 /* Release */,
			);
			defaultConfigurationIsVisible = 0;
			defaultConfigurationName = Release;
		};
		EBC2C89F2A80E3FB008B0DB1 /* Build configuration list for PBXNativeTarget "NextVCAppUITests" */ = {
			isa = XCConfigurationList;
			buildConfigurations = (
				EBC2C8A02A80E3FB008B0DB1 /* Debug */,
				EBC2C8A12A80E3FB008B0DB1 /* Release */,
			);
			defaultConfigurationIsVisible = 0;
			defaultConfigurationName = Release;
		};
/* End XCConfigurationList section */
	};
	rootObject = EBC2C8672A80E3F5008B0DB1 /* Project object */;
}
